// !$*UTF8*$!
{
	archiveVersion = 1;
	classes = {
	};
	objectVersion = 50;
	objects = {

/* Begin PBXBuildFile section */
		F3BC820B25D0B44500DA1771 /* QuizEngine.framework in Frameworks */ = {isa = PBXBuildFile; fileRef = F3BC820125D0B44400DA1771 /* QuizEngine.framework */; };
		F3BC822225D0B55200DA1771 /* FlowTests.swift in Sources */ = {isa = PBXBuildFile; fileRef = F3BC822125D0B55200DA1771 /* FlowTests.swift */; };
		F3BC822625D0B79C00DA1771 /* Flow.swift in Sources */ = {isa = PBXBuildFile; fileRef = F3BC822525D0B79C00DA1771 /* Flow.swift */; };
/* End PBXBuildFile section */

/* Begin PBXContainerItemProxy section */
		F3BC820C25D0B44500DA1771 /* PBXContainerItemProxy */ = {
			isa = PBXContainerItemProxy;
			containerPortal = F3BC81F825D0B44400DA1771 /* Project object */;
			proxyType = 1;
			remoteGlobalIDString = F3BC820025D0B44400DA1771;
			remoteInfo = QuizEngine;
		};
/* End PBXContainerItemProxy section */

/* Begin PBXFileReference section */
		F3BC820125D0B44400DA1771 /* QuizEngine.framework */ = {isa = PBXFileReference; explicitFileType = wrapper.framework; includeInIndex = 0; path = QuizEngine.framework; sourceTree = BUILT_PRODUCTS_DIR; };
		F3BC820525D0B44400DA1771 /* Info.plist */ = {isa = PBXFileReference; lastKnownFileType = text.plist.xml; path = Info.plist; sourceTree = "<group>"; };
		F3BC820A25D0B44500DA1771 /* QuizEngineTests.xctest */ = {isa = PBXFileReference; explicitFileType = wrapper.cfbundle; includeInIndex = 0; path = QuizEngineTests.xctest; sourceTree = BUILT_PRODUCTS_DIR; };
		F3BC821125D0B44500DA1771 /* Info.plist */ = {isa = PBXFileReference; lastKnownFileType = text.plist.xml; path = Info.plist; sourceTree = "<group>"; };
		F3BC822125D0B55200DA1771 /* FlowTests.swift */ = {isa = PBXFileReference; lastKnownFileType = sourcecode.swift; path = FlowTests.swift; sourceTree = "<group>"; };
		F3BC822525D0B79C00DA1771 /* Flow.swift */ = {isa = PBXFileReference; lastKnownFileType = sourcecode.swift; path = Flow.swift; sourceTree = "<group>"; };
/* End PBXFileReference section */

/* Begin PBXFrameworksBuildPhase section */
		F3BC81FE25D0B44400DA1771 /* Frameworks */ = {
			isa = PBXFrameworksBuildPhase;
			buildActionMask = 2147483647;
			files = (
			);
			runOnlyForDeploymentPostprocessing = 0;
		};
		F3BC820725D0B44500DA1771 /* Frameworks */ = {
			isa = PBXFrameworksBuildPhase;
			buildActionMask = 2147483647;
			files = (
				F3BC820B25D0B44500DA1771 /* QuizEngine.framework in Frameworks */,
			);
			runOnlyForDeploymentPostprocessing = 0;
		};
/* End PBXFrameworksBuildPhase section */

/* Begin PBXGroup section */
		F3BC81F725D0B44400DA1771 = {
			isa = PBXGroup;
			children = (
				F3BC820325D0B44400DA1771 /* QuizEngine */,
				F3BC820E25D0B44500DA1771 /* QuizEngineTests */,
				F3BC820225D0B44400DA1771 /* Products */,
			);
			sourceTree = "<group>";
		};
		F3BC820225D0B44400DA1771 /* Products */ = {
			isa = PBXGroup;
			children = (
				F3BC820125D0B44400DA1771 /* QuizEngine.framework */,
				F3BC820A25D0B44500DA1771 /* QuizEngineTests.xctest */,
			);
			name = Products;
			sourceTree = "<group>";
		};
		F3BC820325D0B44400DA1771 /* QuizEngine */ = {
			isa = PBXGroup;
			children = (
				F3BC820525D0B44400DA1771 /* Info.plist */,
				F3BC822525D0B79C00DA1771 /* Flow.swift */,
			);
			path = QuizEngine;
			sourceTree = "<group>";
		};
		F3BC820E25D0B44500DA1771 /* QuizEngineTests */ = {
			isa = PBXGroup;
			children = (
				F3BC821125D0B44500DA1771 /* Info.plist */,
				F3BC822125D0B55200DA1771 /* FlowTests.swift */,
			);
			path = QuizEngineTests;
			sourceTree = "<group>";
		};
/* End PBXGroup section */

/* Begin PBXHeadersBuildPhase section */
		F3BC81FC25D0B44400DA1771 /* Headers */ = {
			isa = PBXHeadersBuildPhase;
			buildActionMask = 2147483647;
			files = (
			);
			runOnlyForDeploymentPostprocessing = 0;
		};
/* End PBXHeadersBuildPhase section */

/* Begin PBXNativeTarget section */
		F3BC820025D0B44400DA1771 /* QuizEngine */ = {
			isa = PBXNativeTarget;
			buildConfigurationList = F3BC821525D0B44500DA1771 /* Build configuration list for PBXNativeTarget "QuizEngine" */;
			buildPhases = (
				F3BC81FC25D0B44400DA1771 /* Headers */,
				F3BC81FD25D0B44400DA1771 /* Sources */,
				F3BC81FE25D0B44400DA1771 /* Frameworks */,
				F3BC81FF25D0B44400DA1771 /* Resources */,
			);
			buildRules = (
			);
			dependencies = (
			);
			name = QuizEngine;
			productName = QuizEngine;
			productReference = F3BC820125D0B44400DA1771 /* QuizEngine.framework */;
			productType = "com.apple.product-type.framework";
		};
		F3BC820925D0B44500DA1771 /* QuizEngineTests */ = {
			isa = PBXNativeTarget;
			buildConfigurationList = F3BC821825D0B44500DA1771 /* Build configuration list for PBXNativeTarget "QuizEngineTests" */;
			buildPhases = (
				F3BC820625D0B44500DA1771 /* Sources */,
				F3BC820725D0B44500DA1771 /* Frameworks */,
				F3BC820825D0B44500DA1771 /* Resources */,
			);
			buildRules = (
			);
			dependencies = (
				F3BC820D25D0B44500DA1771 /* PBXTargetDependency */,
			);
			name = QuizEngineTests;
			productName = QuizEngineTests;
			productReference = F3BC820A25D0B44500DA1771 /* QuizEngineTests.xctest */;
			productType = "com.apple.product-type.bundle.unit-test";
		};
/* End PBXNativeTarget section */

/* Begin PBXProject section */
		F3BC81F825D0B44400DA1771 /* Project object */ = {
			isa = PBXProject;
			attributes = {
				LastSwiftUpdateCheck = 1230;
				LastUpgradeCheck = 1230;
				TargetAttributes = {
					F3BC820025D0B44400DA1771 = {
						CreatedOnToolsVersion = 12.3;
						LastSwiftMigration = 1230;
					};
					F3BC820925D0B44500DA1771 = {
						CreatedOnToolsVersion = 12.3;
						LastSwiftMigration = 1230;
					};
				};
			};
			buildConfigurationList = F3BC81FB25D0B44400DA1771 /* Build configuration list for PBXProject "QuizEngine" */;
			compatibilityVersion = "Xcode 9.3";
			developmentRegion = en;
			hasScannedForEncodings = 0;
			knownRegions = (
				en,
				Base,
			);
			mainGroup = F3BC81F725D0B44400DA1771;
			productRefGroup = F3BC820225D0B44400DA1771 /* Products */;
			projectDirPath = "";
			projectRoot = "";
			targets = (
				F3BC820025D0B44400DA1771 /* QuizEngine */,
				F3BC820925D0B44500DA1771 /* QuizEngineTests */,
			);
		};
/* End PBXProject section */

/* Begin PBXResourcesBuildPhase section */
		F3BC81FF25D0B44400DA1771 /* Resources */ = {
			isa = PBXResourcesBuildPhase;
			buildActionMask = 2147483647;
			files = (
			);
			runOnlyForDeploymentPostprocessing = 0;
		};
		F3BC820825D0B44500DA1771 /* Resources */ = {
			isa = PBXResourcesBuildPhase;
			buildActionMask = 2147483647;
			files = (
			);
			runOnlyForDeploymentPostprocessing = 0;
		};
/* End PBXResourcesBuildPhase section */

/* Begin PBXSourcesBuildPhase section */
		F3BC81FD25D0B44400DA1771 /* Sources */ = {
			isa = PBXSourcesBuildPhase;
			buildActionMask = 2147483647;
			files = (
				F3BC822625D0B79C00DA1771 /* Flow.swift in Sources */,
			);
			runOnlyForDeploymentPostprocessing = 0;
		};
		F3BC820625D0B44500DA1771 /* Sources */ = {
			isa = PBXSourcesBuildPhase;
			buildActionMask = 2147483647;
			files = (
				F3BC822225D0B55200DA1771 /* FlowTests.swift in Sources */,
			);
			runOnlyForDeploymentPostprocessing = 0;
		};
/* End PBXSourcesBuildPhase section */

/* Begin PBXTargetDependency section */
		F3BC820D25D0B44500DA1771 /* PBXTargetDependency */ = {
			isa = PBXTargetDependency;
			target = F3BC820025D0B44400DA1771 /* QuizEngine */;
			targetProxy = F3BC820C25D0B44500DA1771 /* PBXContainerItemProxy */;
		};
/* End PBXTargetDependency section */

/* Begin XCBuildConfiguration section */
		F3BC821325D0B44500DA1771 /* Debug */ = {
			isa = XCBuildConfiguration;
			buildSettings = {
				ALWAYS_SEARCH_USER_PATHS = NO;
				CLANG_ANALYZER_NONNULL = YES;
				CLANG_ANALYZER_NUMBER_OBJECT_CONVERSION = YES_AGGRESSIVE;
				CLANG_CXX_LANGUAGE_STANDARD = "gnu++14";
				CLANG_CXX_LIBRARY = "libc++";
				CLANG_ENABLE_MODULES = YES;
				CLANG_ENABLE_OBJC_ARC = YES;
				CLANG_ENABLE_OBJC_WEAK = YES;
				CLANG_WARN_BLOCK_CAPTURE_AUTORELEASING = YES;
				CLANG_WARN_BOOL_CONVERSION = YES;
				CLANG_WARN_COMMA = YES;
				CLANG_WARN_CONSTANT_CONVERSION = YES;
				CLANG_WARN_DEPRECATED_OBJC_IMPLEMENTATIONS = YES;
				CLANG_WARN_DIRECT_OBJC_ISA_USAGE = YES_ERROR;
				CLANG_WARN_DOCUMENTATION_COMMENTS = YES;
				CLANG_WARN_EMPTY_BODY = YES;
				CLANG_WARN_ENUM_CONVERSION = YES;
				CLANG_WARN_INFINITE_RECURSION = YES;
				CLANG_WARN_INT_CONVERSION = YES;
				CLANG_WARN_NON_LITERAL_NULL_CONVERSION = YES;
				CLANG_WARN_OBJC_IMPLICIT_RETAIN_SELF = YES;
				CLANG_WARN_OBJC_LITERAL_CONVERSION = YES;
				CLANG_WARN_OBJC_ROOT_CLASS = YES_ERROR;
				CLANG_WARN_QUOTED_INCLUDE_IN_FRAMEWORK_HEADER = YES;
				CLANG_WARN_RANGE_LOOP_ANALYSIS = YES;
				CLANG_WARN_STRICT_PROTOTYPES = YES;
				CLANG_WARN_SUSPICIOUS_MOVE = YES;
				CLANG_WARN_UNGUARDED_AVAILABILITY = YES_AGGRESSIVE;
				CLANG_WARN_UNREACHABLE_CODE = YES;
				CLANG_WARN__DUPLICATE_METHOD_MATCH = YES;
				COPY_PHASE_STRIP = NO;
				CURRENT_PROJECT_VERSION = 1;
				DEBUG_INFORMATION_FORMAT = dwarf;
				ENABLE_STRICT_OBJC_MSGSEND = YES;
				ENABLE_TESTABILITY = YES;
				GCC_C_LANGUAGE_STANDARD = gnu11;
				GCC_DYNAMIC_NO_PIC = NO;
				GCC_NO_COMMON_BLOCKS = YES;
				GCC_OPTIMIZATION_LEVEL = 0;
				GCC_PREPROCESSOR_DEFINITIONS = (
					"DEBUG=1",
					"$(inherited)",
				);
				GCC_WARN_64_TO_32_BIT_CONVERSION = YES;
				GCC_WARN_ABOUT_RETURN_TYPE = YES_ERROR;
				GCC_WARN_UNDECLARED_SELECTOR = YES;
				GCC_WARN_UNINITIALIZED_AUTOS = YES_AGGRESSIVE;
				GCC_WARN_UNUSED_FUNCTION = YES;
				GCC_WARN_UNUSED_VARIABLE = YES;
				MACOSX_DEPLOYMENT_TARGET = 11.1;
				MTL_ENABLE_DEBUG_INFO = INCLUDE_SOURCE;
				MTL_FAST_MATH = YES;
				ONLY_ACTIVE_ARCH = YES;
				SDKROOT = macosx;
				SWIFT_ACTIVE_COMPILATION_CONDITIONS = DEBUG;
				SWIFT_OPTIMIZATION_LEVEL = "-Onone";
				VERSIONING_SYSTEM = "apple-generic";
				VERSION_INFO_PREFIX = "";
			};
			name = Debug;
		};
		F3BC821425D0B44500DA1771 /* Release */ = {
			isa = XCBuildConfiguration;
			buildSettings = {
				ALWAYS_SEARCH_USER_PATHS = NO;
				CLANG_ANALYZER_NONNULL = YES;
				CLANG_ANALYZER_NUMBER_OBJECT_CONVERSION = YES_AGGRESSIVE;
				CLANG_CXX_LANGUAGE_STANDARD = "gnu++14";
				CLANG_CXX_LIBRARY = "libc++";
				CLANG_ENABLE_MODULES = YES;
				CLANG_ENABLE_OBJC_ARC = YES;
				CLANG_ENABLE_OBJC_WEAK = YES;
				CLANG_WARN_BLOCK_CAPTURE_AUTORELEASING = YES;
				CLANG_WARN_BOOL_CONVERSION = YES;
				CLANG_WARN_COMMA = YES;
				CLANG_WARN_CONSTANT_CONVERSION = YES;
				CLANG_WARN_DEPRECATED_OBJC_IMPLEMENTATIONS = YES;
				CLANG_WARN_DIRECT_OBJC_ISA_USAGE = YES_ERROR;
				CLANG_WARN_DOCUMENTATION_COMMENTS = YES;
				CLANG_WARN_EMPTY_BODY = YES;
				CLANG_WARN_ENUM_CONVERSION = YES;
				CLANG_WARN_INFINITE_RECURSION = YES;
				CLANG_WARN_INT_CONVERSION = YES;
				CLANG_WARN_NON_LITERAL_NULL_CONVERSION = YES;
				CLANG_WARN_OBJC_IMPLICIT_RETAIN_SELF = YES;
				CLANG_WARN_OBJC_LITERAL_CONVERSION = YES;
				CLANG_WARN_OBJC_ROOT_CLASS = YES_ERROR;
				CLANG_WARN_QUOTED_INCLUDE_IN_FRAMEWORK_HEADER = YES;
				CLANG_WARN_RANGE_LOOP_ANALYSIS = YES;
				CLANG_WARN_STRICT_PROTOTYPES = YES;
				CLANG_WARN_SUSPICIOUS_MOVE = YES;
				CLANG_WARN_UNGUARDED_AVAILABILITY = YES_AGGRESSIVE;
				CLANG_WARN_UNREACHABLE_CODE = YES;
				CLANG_WARN__DUPLICATE_METHOD_MATCH = YES;
				COPY_PHASE_STRIP = NO;
				CURRENT_PROJECT_VERSION = 1;
				DEBUG_INFORMATION_FORMAT = "dwarf-with-dsym";
				ENABLE_NS_ASSERTIONS = NO;
				ENABLE_STRICT_OBJC_MSGSEND = YES;
				GCC_C_LANGUAGE_STANDARD = gnu11;
				GCC_NO_COMMON_BLOCKS = YES;
				GCC_WARN_64_TO_32_BIT_CONVERSION = YES;
				GCC_WARN_ABOUT_RETURN_TYPE = YES_ERROR;
				GCC_WARN_UNDECLARED_SELECTOR = YES;
				GCC_WARN_UNINITIALIZED_AUTOS = YES_AGGRESSIVE;
				GCC_WARN_UNUSED_FUNCTION = YES;
				GCC_WARN_UNUSED_VARIABLE = YES;
				MACOSX_DEPLOYMENT_TARGET = 11.1;
				MTL_ENABLE_DEBUG_INFO = NO;
				MTL_FAST_MATH = YES;
				SDKROOT = macosx;
				SWIFT_COMPILATION_MODE = wholemodule;
				SWIFT_OPTIMIZATION_LEVEL = "-O";
				VERSIONING_SYSTEM = "apple-generic";
				VERSION_INFO_PREFIX = "";
			};
			name = Release;
		};
		F3BC821625D0B44500DA1771 /* Debug */ = {
			isa = XCBuildConfiguration;
			buildSettings = {
				CLANG_ENABLE_MODULES = YES;
				CODE_SIGN_STYLE = Automatic;
				COMBINE_HIDPI_IMAGES = YES;
				DEFINES_MODULE = YES;
				DEVELOPMENT_TEAM = DFVB576FM8;
				DYLIB_COMPATIBILITY_VERSION = 1;
				DYLIB_CURRENT_VERSION = 1;
				DYLIB_INSTALL_NAME_BASE = "@rpath";
				INFOPLIST_FILE = QuizEngine/Info.plist;
				INSTALL_PATH = "$(LOCAL_LIBRARY_DIR)/Frameworks";
				LD_RUNPATH_SEARCH_PATHS = (
					"$(inherited)",
					"@executable_path/../Frameworks",
					"@loader_path/Frameworks",
				);
				PRODUCT_BUNDLE_IDENTIFIER = skite.QuizEngine;
				PRODUCT_NAME = "$(TARGET_NAME:c99extidentifier)";
				SKIP_INSTALL = YES;
				SWIFT_OPTIMIZATION_LEVEL = "-Onone";
				SWIFT_VERSION = 5.0;
			};
			name = Debug;
		};
		F3BC821725D0B44500DA1771 /* Release */ = {
			isa = XCBuildConfiguration;
			buildSettings = {
				CLANG_ENABLE_MODULES = YES;
				CODE_SIGN_STYLE = Automatic;
				COMBINE_HIDPI_IMAGES = YES;
				DEFINES_MODULE = YES;
				DEVELOPMENT_TEAM = DFVB576FM8;
				DYLIB_COMPATIBILITY_VERSION = 1;
				DYLIB_CURRENT_VERSION = 1;
				DYLIB_INSTALL_NAME_BASE = "@rpath";
				INFOPLIST_FILE = QuizEngine/Info.plist;
				INSTALL_PATH = "$(LOCAL_LIBRARY_DIR)/Frameworks";
				LD_RUNPATH_SEARCH_PATHS = (
					"$(inherited)",
					"@executable_path/../Frameworks",
					"@loader_path/Frameworks",
				);
				PRODUCT_BUNDLE_IDENTIFIER = skite.QuizEngine;
				PRODUCT_NAME = "$(TARGET_NAME:c99extidentifier)";
				SKIP_INSTALL = YES;
				SWIFT_VERSION = 5.0;
			};
			name = Release;
		};
		F3BC821925D0B44500DA1771 /* Debug */ = {
			isa = XCBuildConfiguration;
			buildSettings = {
				ALWAYS_EMBED_SWIFT_STANDARD_LIBRARIES = YES;
				CLANG_ENABLE_MODULES = YES;
				CODE_SIGN_STYLE = Automatic;
				COMBINE_HIDPI_IMAGES = YES;
				DEVELOPMENT_TEAM = DFVB576FM8;
				INFOPLIST_FILE = QuizEngineTests/Info.plist;
				LD_RUNPATH_SEARCH_PATHS = (
					"$(inherited)",
					"@executable_path/../Frameworks",
					"@loader_path/../Frameworks",
				);
				PRODUCT_BUNDLE_IDENTIFIER = skite.QuizEngineTests;
				PRODUCT_NAME = "$(TARGET_NAME)";
				SWIFT_OPTIMIZATION_LEVEL = "-Onone";
				SWIFT_VERSION = 5.0;
			};
			name = Debug;
		};
		F3BC821A25D0B44500DA1771 /* Release */ = {
			isa = XCBuildConfiguration;
			buildSettings = {
				ALWAYS_EMBED_SWIFT_STANDARD_LIBRARIES = YES;
				CLANG_ENABLE_MODULES = YES;
				CODE_SIGN_STYLE = Automatic;
				COMBINE_HIDPI_IMAGES = YES;
				DEVELOPMENT_TEAM = DFVB576FM8;
				INFOPLIST_FILE = QuizEngineTests/Info.plist;
				LD_RUNPATH_SEARCH_PATHS = (
					"$(inherited)",
					"@executable_path/../Frameworks",
					"@loader_path/../Frameworks",
				);
				PRODUCT_BUNDLE_IDENTIFIER = skite.QuizEngineTests;
				PRODUCT_NAME = "$(TARGET_NAME)";
				SWIFT_VERSION = 5.0;
			};
			name = Release;
		};
/* End XCBuildConfiguration section */

/* Begin XCConfigurationList section */
		F3BC81FB25D0B44400DA1771 /* Build configuration list for PBXProject "QuizEngine" */ = {
			isa = XCConfigurationList;
			buildConfigurations = (
				F3BC821325D0B44500DA1771 /* Debug */,
				F3BC821425D0B44500DA1771 /* Release */,
			);
			defaultConfigurationIsVisible = 0;
			defaultConfigurationName = Release;
		};
		F3BC821525D0B44500DA1771 /* Build configuration list for PBXNativeTarget "QuizEngine" */ = {
			isa = XCConfigurationList;
			buildConfigurations = (
				F3BC821625D0B44500DA1771 /* Debug */,
				F3BC821725D0B44500DA1771 /* Release */,
			);
			defaultConfigurationIsVisible = 0;
			defaultConfigurationName = Release;
		};
		F3BC821825D0B44500DA1771 /* Build configuration list for PBXNativeTarget "QuizEngineTests" */ = {
			isa = XCConfigurationList;
			buildConfigurations = (
				F3BC821925D0B44500DA1771 /* Debug */,
				F3BC821A25D0B44500DA1771 /* Release */,
			);
			defaultConfigurationIsVisible = 0;
			defaultConfigurationName = Release;
		};
/* End XCConfigurationList section */
	};
	rootObject = F3BC81F825D0B44400DA1771 /* Project object */;
}
